
Microsoft Visual Studio Solution File, Format Version 12.00
# Visual Studio Version 16
VisualStudioVersion = 16.0.29025.244
MinimumVisualStudioVersion = 10.0.40219.1
Project("{FAE04EC0-301F-11D3-BF4B-00C04F79EFBC}") = "PracticeChallenge", "PracticeChallenge\PracticeChallenge.csproj", "{9BA86CBB-69C1-415B-B362-773487A96FEA}"
EndProject
Global
	GlobalSection(SolutionConfigurationPlatforms) = preSolution
		Debug|Any CPU = Debug|Any CPU
		Release|Any CPU = Release|Any CPU
	EndGlobalSection
	GlobalSection(ProjectConfigurationPlatforms) = postSolution
		{9BA86CBB-69C1-415B-B362-773487A96FEA}.Debug|Any CPU.ActiveCfg = Debug|Any CPU
		{9BA86CBB-69C1-415B-B362-773487A96FEA}.Debug|Any CPU.Build.0 = Debug|Any CPU
		{9BA86CBB-69C1-415B-B362-773487A96FEA}.Release|Any CPU.ActiveCfg = Release|Any CPU
		{9BA86CBB-69C1-415B-B362-773487A96FEA}.Release|Any CPU.Build.0 = Release|Any CPU
	EndGlobalSection
	GlobalSection(SolutionProperties) = preSolution
		HideSolutionNode = FALSE
	EndGlobalSection
	GlobalSection(ExtensibilityGlobals) = postSolution
		SolutionGuid = {90AD5142-BF70-4E46-964B-B00EAD3FB051}
	EndGlobalSection
EndGlobal
